
Microsoft Visual Studio Solution File, Format Version 12.00
# Visual Studio Version 16
VisualStudioVersion = 16.0.31005.135
MinimumVisualStudioVersion = 10.0.40219.1
Project("{FAE04EC0-301F-11D3-BF4B-00C04F79EFBC}") = "TopStoreApp.Android", "TopStoreApp\TopStoreApp.Android\TopStoreApp.Android.csproj", "{59CB1D63-83CD-4C5E-8A43-588D8927DAD9}"
EndProject
Project("{FAE04EC0-301F-11D3-BF4B-00C04F79EFBC}") = "TopStoreApp.iOS", "TopStoreApp\TopStoreApp.iOS\TopStoreApp.iOS.csproj", "{768D9401-6902-4813-B658-0581C502FDDD}"
EndProject
Project("{FAE04EC0-301F-11D3-BF4B-00C04F79EFBC}") = "TopStoreApp", "TopStoreApp\TopStoreApp\TopStoreApp.csproj", "{35A10C72-05A9-460E-9765-E3B11AB4EF5F}"
EndProject
Global
	GlobalSection(SolutionConfigurationPlatforms) = preSolution
		Debug|Any CPU = Debug|Any CPU
		Debug|iPhone = Debug|iPhone
		Debug|iPhoneSimulator = Debug|iPhoneSimulator
		Release|Any CPU = Release|Any CPU
		Release|iPhone = Release|iPhone
		Release|iPhoneSimulator = Release|iPhoneSimulator
	EndGlobalSection
	GlobalSection(ProjectConfigurationPlatforms) = postSolution
		{59CB1D63-83CD-4C5E-8A43-588D8927DAD9}.Debug|Any CPU.ActiveCfg = Debug|Any CPU
		{59CB1D63-83CD-4C5E-8A43-588D8927DAD9}.Debug|Any CPU.Build.0 = Debug|Any CPU
		{59CB1D63-83CD-4C5E-8A43-588D8927DAD9}.Debug|Any CPU.Deploy.0 = Debug|Any CPU
		{59CB1D63-83CD-4C5E-8A43-588D8927DAD9}.Debug|iPhone.ActiveCfg = Debug|Any CPU
		{59CB1D63-83CD-4C5E-8A43-588D8927DAD9}.Debug|iPhone.Build.0 = Debug|Any CPU
		{59CB1D63-83CD-4C5E-8A43-588D8927DAD9}.Debug|iPhone.Deploy.0 = Debug|Any CPU
		{59CB1D63-83CD-4C5E-8A43-588D8927DAD9}.Debug|iPhoneSimulator.ActiveCfg = Debug|Any CPU
		{59CB1D63-83CD-4C5E-8A43-588D8927DAD9}.Debug|iPhoneSimulator.Build.0 = Debug|Any CPU
		{59CB1D63-83CD-4C5E-8A43-588D8927DAD9}.Debug|iPhoneSimulator.Deploy.0 = Debug|Any CPU
		{59CB1D63-83CD-4C5E-8A43-588D8927DAD9}.Release|Any CPU.ActiveCfg = Release|Any CPU
		{59CB1D63-83CD-4C5E-8A43-588D8927DAD9}.Release|Any CPU.Build.0 = Release|Any CPU
		{59CB1D63-83CD-4C5E-8A43-588D8927DAD9}.Release|Any CPU.Deploy.0 = Release|Any CPU
		{59CB1D63-83CD-4C5E-8A43-588D8927DAD9}.Release|iPhone.ActiveCfg = Release|Any CPU
		{59CB1D63-83CD-4C5E-8A43-588D8927DAD9}.Release|iPhone.Build.0 = Release|Any CPU
		{59CB1D63-83CD-4C5E-8A43-588D8927DAD9}.Release|iPhone.Deploy.0 = Release|Any CPU
		{59CB1D63-83CD-4C5E-8A43-588D8927DAD9}.Release|iPhoneSimulator.ActiveCfg = Release|Any CPU
		{59CB1D63-83CD-4C5E-8A43-588D8927DAD9}.Release|iPhoneSimulator.Build.0 = Release|Any CPU
		{59CB1D63-83CD-4C5E-8A43-588D8927DAD9}.Release|iPhoneSimulator.Deploy.0 = Release|Any CPU
		{768D9401-6902-4813-B658-0581C502FDDD}.Debug|Any CPU.ActiveCfg = Debug|iPhone
		{768D9401-6902-4813-B658-0581C502FDDD}.Debug|Any CPU.Build.0 = Debug|iPhone
		{768D9401-6902-4813-B658-0581C502FDDD}.Debug|Any CPU.Deploy.0 = Debug|iPhone
		{768D9401-6902-4813-B658-0581C502FDDD}.Debug|iPhone.ActiveCfg = Debug|iPhone
		{768D9401-6902-4813-B658-0581C502FDDD}.Debug|iPhone.Build.0 = Debug|iPhone
		{768D9401-6902-4813-B658-0581C502FDDD}.Debug|iPhone.Deploy.0 = Debug|iPhone
		{768D9401-6902-4813-B658-0581C502FDDD}.Debug|iPhoneSimulator.ActiveCfg = Debug|iPhoneSimulator
		{768D9401-6902-4813-B658-0581C502FDDD}.Debug|iPhoneSimulator.Build.0 = Debug|iPhoneSimulator
		{768D9401-6902-4813-B658-0581C502FDDD}.Debug|iPhoneSimulator.Deploy.0 = Debug|iPhoneSimulator
		{768D9401-6902-4813-B658-0581C502FDDD}.Release|Any CPU.ActiveCfg = Release|iPhoneSimulator
		{768D9401-6902-4813-B658-0581C502FDDD}.Release|Any CPU.Build.0 = Release|iPhoneSimulator
		{768D9401-6902-4813-B658-0581C502FDDD}.Release|Any CPU.Deploy.0 = Release|iPhoneSimulator
		{768D9401-6902-4813-B658-0581C502FDDD}.Release|iPhone.ActiveCfg = Release|iPhone
		{768D9401-6902-4813-B658-0581C502FDDD}.Release|iPhone.Build.0 = Release|iPhone
		{768D9401-6902-4813-B658-0581C502FDDD}.Release|iPhone.Deploy.0 = Release|iPhone
		{768D9401-6902-4813-B658-0581C502FDDD}.Release|iPhoneSimulator.ActiveCfg = Release|iPhoneSimulator
		{768D9401-6902-4813-B658-0581C502FDDD}.Release|iPhoneSimulator.Build.0 = Release|iPhoneSimulator
		{768D9401-6902-4813-B658-0581C502FDDD}.Release|iPhoneSimulator.Deploy.0 = Release|iPhoneSimulator
		{35A10C72-05A9-460E-9765-E3B11AB4EF5F}.Debug|Any CPU.ActiveCfg = Debug|Any CPU
		{35A10C72-05A9-460E-9765-E3B11AB4EF5F}.Debug|Any CPU.Build.0 = Debug|Any CPU
		{35A10C72-05A9-460E-9765-E3B11AB4EF5F}.Debug|Any CPU.Deploy.0 = Debug|Any CPU
		{35A10C72-05A9-460E-9765-E3B11AB4EF5F}.Debug|iPhone.ActiveCfg = Debug|Any CPU
		{35A10C72-05A9-460E-9765-E3B11AB4EF5F}.Debug|iPhone.Build.0 = Debug|Any CPU
		{35A10C72-05A9-460E-9765-E3B11AB4EF5F}.Debug|iPhone.Deploy.0 = Debug|Any CPU
		{35A10C72-05A9-460E-9765-E3B11AB4EF5F}.Debug|iPhoneSimulator.ActiveCfg = Debug|Any CPU
		{35A10C72-05A9-460E-9765-E3B11AB4EF5F}.Debug|iPhoneSimulator.Build.0 = Debug|Any CPU
		{35A10C72-05A9-460E-9765-E3B11AB4EF5F}.Debug|iPhoneSimulator.Deploy.0 = Debug|Any CPU
		{35A10C72-05A9-460E-9765-E3B11AB4EF5F}.Release|Any CPU.ActiveCfg = Release|Any CPU
		{35A10C72-05A9-460E-9765-E3B11AB4EF5F}.Release|Any CPU.Build.0 = Release|Any CPU
		{35A10C72-05A9-460E-9765-E3B11AB4EF5F}.Release|Any CPU.Deploy.0 = Release|Any CPU
		{35A10C72-05A9-460E-9765-E3B11AB4EF5F}.Release|iPhone.ActiveCfg = Release|Any CPU
		{35A10C72-05A9-460E-9765-E3B11AB4EF5F}.Release|iPhone.Build.0 = Release|Any CPU
		{35A10C72-05A9-460E-9765-E3B11AB4EF5F}.Release|iPhone.Deploy.0 = Release|Any CPU
		{35A10C72-05A9-460E-9765-E3B11AB4EF5F}.Release|iPhoneSimulator.ActiveCfg = Release|Any CPU
		{35A10C72-05A9-460E-9765-E3B11AB4EF5F}.Release|iPhoneSimulator.Build.0 = Release|Any CPU
		{35A10C72-05A9-460E-9765-E3B11AB4EF5F}.Release|iPhoneSimulator.Deploy.0 = Release|Any CPU
	EndGlobalSection
	GlobalSection(SolutionProperties) = preSolution
		HideSolutionNode = FALSE
	EndGlobalSection
	GlobalSection(ExtensibilityGlobals) = postSolution
		SolutionGuid = {047394E4-4EC6-43D9-B32B-FE070E6587A4}
	EndGlobalSection
EndGlobal
