
Microsoft Visual Studio Solution File, Format Version 12.00
# Visual Studio Version 17
VisualStudioVersion = 17.3.32811.315
MinimumVisualStudioVersion = 10.0.40219.1
Project("{FAE04EC0-301F-11D3-BF4B-00C04F79EFBC}") = "TopStoreApp.Android", "TopStoreApp\TopStoreApp.Android\TopStoreApp.Android.csproj", "{FFD2E94C-D7C8-4BAB-AA55-D92CB509BFE2}"
EndProject
Project("{FAE04EC0-301F-11D3-BF4B-00C04F79EFBC}") = "TopStoreApp.iOS", "TopStoreApp\TopStoreApp.iOS\TopStoreApp.iOS.csproj", "{949D6A48-1893-4F37-87FE-5C69915E78C7}"
EndProject
Project("{FAE04EC0-301F-11D3-BF4B-00C04F79EFBC}") = "TopStoreApp", "TopStoreApp\TopStoreApp\TopStoreApp.csproj", "{F01C4712-3B84-46A4-8F49-2CE87C7E75E6}"
EndProject
Global
	GlobalSection(SolutionConfigurationPlatforms) = preSolution
		Debug|Any CPU = Debug|Any CPU
		Debug|iPhone = Debug|iPhone
		Debug|iPhoneSimulator = Debug|iPhoneSimulator
		Release|Any CPU = Release|Any CPU
		Release|iPhone = Release|iPhone
		Release|iPhoneSimulator = Release|iPhoneSimulator
	EndGlobalSection
	GlobalSection(ProjectConfigurationPlatforms) = postSolution
		{FFD2E94C-D7C8-4BAB-AA55-D92CB509BFE2}.Debug|Any CPU.ActiveCfg = Debug|Any CPU
		{FFD2E94C-D7C8-4BAB-AA55-D92CB509BFE2}.Debug|Any CPU.Build.0 = Debug|Any CPU
		{FFD2E94C-D7C8-4BAB-AA55-D92CB509BFE2}.Debug|Any CPU.Deploy.0 = Debug|Any CPU
		{FFD2E94C-D7C8-4BAB-AA55-D92CB509BFE2}.Debug|iPhone.ActiveCfg = Debug|Any CPU
		{FFD2E94C-D7C8-4BAB-AA55-D92CB509BFE2}.Debug|iPhone.Build.0 = Debug|Any CPU
		{FFD2E94C-D7C8-4BAB-AA55-D92CB509BFE2}.Debug|iPhone.Deploy.0 = Debug|Any CPU
		{FFD2E94C-D7C8-4BAB-AA55-D92CB509BFE2}.Debug|iPhoneSimulator.ActiveCfg = Debug|Any CPU
		{FFD2E94C-D7C8-4BAB-AA55-D92CB509BFE2}.Debug|iPhoneSimulator.Build.0 = Debug|Any CPU
		{FFD2E94C-D7C8-4BAB-AA55-D92CB509BFE2}.Debug|iPhoneSimulator.Deploy.0 = Debug|Any CPU
		{FFD2E94C-D7C8-4BAB-AA55-D92CB509BFE2}.Release|Any CPU.ActiveCfg = Release|Any CPU
		{FFD2E94C-D7C8-4BAB-AA55-D92CB509BFE2}.Release|Any CPU.Build.0 = Release|Any CPU
		{FFD2E94C-D7C8-4BAB-AA55-D92CB509BFE2}.Release|Any CPU.Deploy.0 = Release|Any CPU
		{FFD2E94C-D7C8-4BAB-AA55-D92CB509BFE2}.Release|iPhone.ActiveCfg = Release|Any CPU
		{FFD2E94C-D7C8-4BAB-AA55-D92CB509BFE2}.Release|iPhone.Build.0 = Release|Any CPU
		{FFD2E94C-D7C8-4BAB-AA55-D92CB509BFE2}.Release|iPhone.Deploy.0 = Release|Any CPU
		{FFD2E94C-D7C8-4BAB-AA55-D92CB509BFE2}.Release|iPhoneSimulator.ActiveCfg = Release|Any CPU
		{FFD2E94C-D7C8-4BAB-AA55-D92CB509BFE2}.Release|iPhoneSimulator.Build.0 = Release|Any CPU
		{FFD2E94C-D7C8-4BAB-AA55-D92CB509BFE2}.Release|iPhoneSimulator.Deploy.0 = Release|Any CPU
		{949D6A48-1893-4F37-87FE-5C69915E78C7}.Debug|Any CPU.ActiveCfg = Debug|iPhone
		{949D6A48-1893-4F37-87FE-5C69915E78C7}.Debug|Any CPU.Build.0 = Debug|iPhone
		{949D6A48-1893-4F37-87FE-5C69915E78C7}.Debug|Any CPU.Deploy.0 = Debug|iPhone
		{949D6A48-1893-4F37-87FE-5C69915E78C7}.Debug|iPhone.ActiveCfg = Debug|iPhone
		{949D6A48-1893-4F37-87FE-5C69915E78C7}.Debug|iPhone.Build.0 = Debug|iPhone
		{949D6A48-1893-4F37-87FE-5C69915E78C7}.Debug|iPhone.Deploy.0 = Debug|iPhone
		{949D6A48-1893-4F37-87FE-5C69915E78C7}.Debug|iPhoneSimulator.ActiveCfg = Debug|iPhoneSimulator
		{949D6A48-1893-4F37-87FE-5C69915E78C7}.Debug|iPhoneSimulator.Build.0 = Debug|iPhoneSimulator
		{949D6A48-1893-4F37-87FE-5C69915E78C7}.Debug|iPhoneSimulator.Deploy.0 = Debug|iPhoneSimulator
		{949D6A48-1893-4F37-87FE-5C69915E78C7}.Release|Any CPU.ActiveCfg = Release|iPhoneSimulator
		{949D6A48-1893-4F37-87FE-5C69915E78C7}.Release|Any CPU.Build.0 = Release|iPhoneSimulator
		{949D6A48-1893-4F37-87FE-5C69915E78C7}.Release|Any CPU.Deploy.0 = Release|iPhoneSimulator
		{949D6A48-1893-4F37-87FE-5C69915E78C7}.Release|iPhone.ActiveCfg = Release|iPhone
		{949D6A48-1893-4F37-87FE-5C69915E78C7}.Release|iPhone.Build.0 = Release|iPhone
		{949D6A48-1893-4F37-87FE-5C69915E78C7}.Release|iPhone.Deploy.0 = Release|iPhone
		{949D6A48-1893-4F37-87FE-5C69915E78C7}.Release|iPhoneSimulator.ActiveCfg = Release|iPhoneSimulator
		{949D6A48-1893-4F37-87FE-5C69915E78C7}.Release|iPhoneSimulator.Build.0 = Release|iPhoneSimulator
		{949D6A48-1893-4F37-87FE-5C69915E78C7}.Release|iPhoneSimulator.Deploy.0 = Release|iPhoneSimulator
		{F01C4712-3B84-46A4-8F49-2CE87C7E75E6}.Debug|Any CPU.ActiveCfg = Debug|Any CPU
		{F01C4712-3B84-46A4-8F49-2CE87C7E75E6}.Debug|Any CPU.Build.0 = Debug|Any CPU
		{F01C4712-3B84-46A4-8F49-2CE87C7E75E6}.Debug|Any CPU.Deploy.0 = Debug|Any CPU
		{F01C4712-3B84-46A4-8F49-2CE87C7E75E6}.Debug|iPhone.ActiveCfg = Debug|Any CPU
		{F01C4712-3B84-46A4-8F49-2CE87C7E75E6}.Debug|iPhone.Build.0 = Debug|Any CPU
		{F01C4712-3B84-46A4-8F49-2CE87C7E75E6}.Debug|iPhone.Deploy.0 = Debug|Any CPU
		{F01C4712-3B84-46A4-8F49-2CE87C7E75E6}.Debug|iPhoneSimulator.ActiveCfg = Debug|Any CPU
		{F01C4712-3B84-46A4-8F49-2CE87C7E75E6}.Debug|iPhoneSimulator.Build.0 = Debug|Any CPU
		{F01C4712-3B84-46A4-8F49-2CE87C7E75E6}.Debug|iPhoneSimulator.Deploy.0 = Debug|Any CPU
		{F01C4712-3B84-46A4-8F49-2CE87C7E75E6}.Release|Any CPU.ActiveCfg = Release|Any CPU
		{F01C4712-3B84-46A4-8F49-2CE87C7E75E6}.Release|Any CPU.Build.0 = Release|Any CPU
		{F01C4712-3B84-46A4-8F49-2CE87C7E75E6}.Release|Any CPU.Deploy.0 = Release|Any CPU
		{F01C4712-3B84-46A4-8F49-2CE87C7E75E6}.Release|iPhone.ActiveCfg = Release|Any CPU
		{F01C4712-3B84-46A4-8F49-2CE87C7E75E6}.Release|iPhone.Build.0 = Release|Any CPU
		{F01C4712-3B84-46A4-8F49-2CE87C7E75E6}.Release|iPhone.Deploy.0 = Release|Any CPU
		{F01C4712-3B84-46A4-8F49-2CE87C7E75E6}.Release|iPhoneSimulator.ActiveCfg = Release|Any CPU
		{F01C4712-3B84-46A4-8F49-2CE87C7E75E6}.Release|iPhoneSimulator.Build.0 = Release|Any CPU
		{F01C4712-3B84-46A4-8F49-2CE87C7E75E6}.Release|iPhoneSimulator.Deploy.0 = Release|Any CPU
	EndGlobalSection
	GlobalSection(SolutionProperties) = preSolution
		HideSolutionNode = FALSE
	EndGlobalSection
	GlobalSection(ExtensibilityGlobals) = postSolution
		SolutionGuid = {C6EECC72-CD8E-4FA3-A099-3AA3C7130EBA}
	EndGlobalSection
EndGlobal
